
Microsoft Visual Studio Solution File, Format Version 11.00
# Visual Studio 2010
Project("{FAE04EC0-301F-11D3-BF4B-00C04F79EFBC}") = "Assembly-CSharp-Editor", "Assembly-CSharp-Editor.csproj", "{976d8be1-195e-5be2-71f5-0547d892abbd}"
EndProject
Project("{FAE04EC0-301F-11D3-BF4B-00C04F79EFBC}") = "Assembly-CSharp", "Assembly-CSharp.csproj", "{ad5faff0-b182-bb8c-dae5-880967c55282}"
EndProject
Global
	GlobalSection(SolutionConfigurationPlatforms) = preSolution
		Debug|Any CPU = Debug|Any CPU
	EndGlobalSection
	GlobalSection(ProjectConfigurationPlatforms) = postSolution
		{976d8be1-195e-5be2-71f5-0547d892abbd}.Debug|Any CPU.ActiveCfg = Debug|Any CPU
		{976d8be1-195e-5be2-71f5-0547d892abbd}.Debug|Any CPU.Build.0 = Debug|Any CPU
		{ad5faff0-b182-bb8c-dae5-880967c55282}.Debug|Any CPU.ActiveCfg = Debug|Any CPU
		{ad5faff0-b182-bb8c-dae5-880967c55282}.Debug|Any CPU.Build.0 = Debug|Any CPU
	EndGlobalSection
	GlobalSection(SolutionProperties) = preSolution
		HideSolutionNode = FALSE
	EndGlobalSection
EndGlobal
